
Microsoft Visual Studio Solution File, Format Version 12.00
# Visual Studio Version 16
VisualStudioVersion = 16.0.32510.428
MinimumVisualStudioVersion = 10.0.40219.1
Project("{FAE04EC0-301F-11D3-BF4B-00C04F79EFBC}") = "FirstApp.Android", "FirstApp\FirstApp.Android\FirstApp.Android.csproj", "{84275D90-59FA-4F26-9955-40A294C5C23A}"
EndProject
Project("{FAE04EC0-301F-11D3-BF4B-00C04F79EFBC}") = "FirstApp", "FirstApp\FirstApp\FirstApp.csproj", "{9C2CC6F2-0585-4358-982C-8E3C299578D1}"
EndProject
Global
	GlobalSection(SolutionConfigurationPlatforms) = preSolution
		Debug|Any CPU = Debug|Any CPU
		Release|Any CPU = Release|Any CPU
	EndGlobalSection
	GlobalSection(ProjectConfigurationPlatforms) = postSolution
		{84275D90-59FA-4F26-9955-40A294C5C23A}.Debug|Any CPU.ActiveCfg = Debug|Any CPU
		{84275D90-59FA-4F26-9955-40A294C5C23A}.Debug|Any CPU.Build.0 = Debug|Any CPU
		{84275D90-59FA-4F26-9955-40A294C5C23A}.Debug|Any CPU.Deploy.0 = Debug|Any CPU
		{84275D90-59FA-4F26-9955-40A294C5C23A}.Release|Any CPU.ActiveCfg = Release|Any CPU
		{84275D90-59FA-4F26-9955-40A294C5C23A}.Release|Any CPU.Build.0 = Release|Any CPU
		{84275D90-59FA-4F26-9955-40A294C5C23A}.Release|Any CPU.Deploy.0 = Release|Any CPU
		{9C2CC6F2-0585-4358-982C-8E3C299578D1}.Debug|Any CPU.ActiveCfg = Debug|Any CPU
		{9C2CC6F2-0585-4358-982C-8E3C299578D1}.Debug|Any CPU.Build.0 = Debug|Any CPU
		{9C2CC6F2-0585-4358-982C-8E3C299578D1}.Debug|Any CPU.Deploy.0 = Debug|Any CPU
		{9C2CC6F2-0585-4358-982C-8E3C299578D1}.Release|Any CPU.ActiveCfg = Release|Any CPU
		{9C2CC6F2-0585-4358-982C-8E3C299578D1}.Release|Any CPU.Build.0 = Release|Any CPU
		{9C2CC6F2-0585-4358-982C-8E3C299578D1}.Release|Any CPU.Deploy.0 = Release|Any CPU
	EndGlobalSection
	GlobalSection(SolutionProperties) = preSolution
		HideSolutionNode = FALSE
	EndGlobalSection
	GlobalSection(ExtensibilityGlobals) = postSolution
		SolutionGuid = {C987810C-17CE-4078-9846-0D8430A67707}
	EndGlobalSection
EndGlobal
